
Microsoft Visual Studio Solution File, Format Version 12.00
# Visual Studio 15
VisualStudioVersion = 15.0.28307.106
MinimumVisualStudioVersion = 10.0.40219.1
Project("{FAE04EC0-301F-11D3-BF4B-00C04F79EFBC}") = "MvcVsModelbindingHomeWork", "MvcVsModelbindingHomeWork\MvcVsModelbindingHomeWork.csproj", "{767AE911-2BED-41AE-ADBA-4F2759CF53ED}"
EndProject
Global
	GlobalSection(SolutionConfigurationPlatforms) = preSolution
		Debug|Any CPU = Debug|Any CPU
		Release|Any CPU = Release|Any CPU
	EndGlobalSection
	GlobalSection(ProjectConfigurationPlatforms) = postSolution
		{767AE911-2BED-41AE-ADBA-4F2759CF53ED}.Debug|Any CPU.ActiveCfg = Debug|Any CPU
		{767AE911-2BED-41AE-ADBA-4F2759CF53ED}.Debug|Any CPU.Build.0 = Debug|Any CPU
		{767AE911-2BED-41AE-ADBA-4F2759CF53ED}.Release|Any CPU.ActiveCfg = Release|Any CPU
		{767AE911-2BED-41AE-ADBA-4F2759CF53ED}.Release|Any CPU.Build.0 = Release|Any CPU
	EndGlobalSection
	GlobalSection(SolutionProperties) = preSolution
		HideSolutionNode = FALSE
	EndGlobalSection
	GlobalSection(ExtensibilityGlobals) = postSolution
		SolutionGuid = {6AEF4D2D-55E5-4353-87F8-7571D10B20C4}
	EndGlobalSection
EndGlobal
